
Microsoft Visual Studio Solution File, Format Version 12.00
# Visual Studio Version 16
VisualStudioVersion = 16.0.29905.134
MinimumVisualStudioVersion = 10.0.40219.1
Project("{FAE04EC0-301F-11D3-BF4B-00C04F79EFBC}") = "FileUploadEG", "FileUploadEG.csproj", "{BC2DB725-17A8-413B-9C34-E7C2CC4D899C}"
EndProject
Global
	GlobalSection(SolutionConfigurationPlatforms) = preSolution
		Debug|Any CPU = Debug|Any CPU
		Release|Any CPU = Release|Any CPU
	EndGlobalSection
	GlobalSection(ProjectConfigurationPlatforms) = postSolution
		{BC2DB725-17A8-413B-9C34-E7C2CC4D899C}.Debug|Any CPU.ActiveCfg = Debug|Any CPU
		{BC2DB725-17A8-413B-9C34-E7C2CC4D899C}.Debug|Any CPU.Build.0 = Debug|Any CPU
		{BC2DB725-17A8-413B-9C34-E7C2CC4D899C}.Release|Any CPU.ActiveCfg = Release|Any CPU
		{BC2DB725-17A8-413B-9C34-E7C2CC4D899C}.Release|Any CPU.Build.0 = Release|Any CPU
	EndGlobalSection
	GlobalSection(SolutionProperties) = preSolution
		HideSolutionNode = FALSE
	EndGlobalSection
	GlobalSection(ExtensibilityGlobals) = postSolution
		SolutionGuid = {D998DBBA-F6EB-4051-B9E8-740C1E3FB7AC}
	EndGlobalSection
EndGlobal
